// !$*UTF8*$!
{
	archiveVersion = 1;
	classes = {
	};
	objectVersion = 56;
	objects = {

/* Begin PBXBuildFile section */
		675BB0A92B8CFE590019EB04 /* SayiTahminOyunuApp.swift in Sources */ = {isa = PBXBuildFile; fileRef = 675BB0A82B8CFE590019EB04 /* SayiTahminOyunuApp.swift */; };
		675BB0AB2B8CFE590019EB04 /* AnaSayfa.swift in Sources */ = {isa = PBXBuildFile; fileRef = 675BB0AA2B8CFE590019EB04 /* AnaSayfa.swift */; };
		675BB0AD2B8CFE5B0019EB04 /* Assets.xcassets in Resources */ = {isa = PBXBuildFile; fileRef = 675BB0AC2B8CFE5B0019EB04 /* Assets.xcassets */; };
		675BB0B02B8CFE5B0019EB04 /* Preview Assets.xcassets in Resources */ = {isa = PBXBuildFile; fileRef = 675BB0AF2B8CFE5B0019EB04 /* Preview Assets.xcassets */; };
		675BB0B72B8CFFEA0019EB04 /* TahminEkrani.swift in Sources */ = {isa = PBXBuildFile; fileRef = 675BB0B62B8CFFEA0019EB04 /* TahminEkrani.swift */; };
		675BB0B92B8CFFF00019EB04 /* SonucEkran.swift in Sources */ = {isa = PBXBuildFile; fileRef = 675BB0B82B8CFFF00019EB04 /* SonucEkran.swift */; };
/* End PBXBuildFile section */

/* Begin PBXFileReference section */
		675BB0A52B8CFE590019EB04 /* SayiTahminOyunu.app */ = {isa = PBXFileReference; explicitFileType = wrapper.application; includeInIndex = 0; path = SayiTahminOyunu.app; sourceTree = BUILT_PRODUCTS_DIR; };
		675BB0A82B8CFE590019EB04 /* SayiTahminOyunuApp.swift */ = {isa = PBXFileReference; lastKnownFileType = sourcecode.swift; path = SayiTahminOyunuApp.swift; sourceTree = "<group>"; };
		675BB0AA2B8CFE590019EB04 /* AnaSayfa.swift */ = {isa = PBXFileReference; lastKnownFileType = sourcecode.swift; path = AnaSayfa.swift; sourceTree = "<group>"; };
		675BB0AC2B8CFE5B0019EB04 /* Assets.xcassets */ = {isa = PBXFileReference; lastKnownFileType = folder.assetcatalog; path = Assets.xcassets; sourceTree = "<group>"; };
		675BB0AF2B8CFE5B0019EB04 /* Preview Assets.xcassets */ = {isa = PBXFileReference; lastKnownFileType = folder.assetcatalog; path = "Preview Assets.xcassets"; sourceTree = "<group>"; };
		675BB0B62B8CFFEA0019EB04 /* TahminEkrani.swift */ = {isa = PBXFileReference; lastKnownFileType = sourcecode.swift; path = TahminEkrani.swift; sourceTree = "<group>"; };
		675BB0B82B8CFFF00019EB04 /* SonucEkran.swift */ = {isa = PBXFileReference; lastKnownFileType = sourcecode.swift; path = SonucEkran.swift; sourceTree = "<group>"; };
/* End PBXFileReference section */

/* Begin PBXFrameworksBuildPhase section */
		675BB0A22B8CFE590019EB04 /* Frameworks */ = {
			isa = PBXFrameworksBuildPhase;
			buildActionMask = 2147483647;
			files = (
			);
			runOnlyForDeploymentPostprocessing = 0;
		};
/* End PBXFrameworksBuildPhase section */

/* Begin PBXGroup section */
		675BB09C2B8CFE590019EB04 = {
			isa = PBXGroup;
			children = (
				675BB0A72B8CFE590019EB04 /* SayiTahminOyunu */,
				675BB0A62B8CFE590019EB04 /* Products */,
			);
			sourceTree = "<group>";
		};
		675BB0A62B8CFE590019EB04 /* Products */ = {
			isa = PBXGroup;
			children = (
				675BB0A52B8CFE590019EB04 /* SayiTahminOyunu.app */,
			);
			name = Products;
			sourceTree = "<group>";
		};
		675BB0A72B8CFE590019EB04 /* SayiTahminOyunu */ = {
			isa = PBXGroup;
			children = (
				675BB0A82B8CFE590019EB04 /* SayiTahminOyunuApp.swift */,
				675BB0AA2B8CFE590019EB04 /* AnaSayfa.swift */,
				675BB0B62B8CFFEA0019EB04 /* TahminEkrani.swift */,
				675BB0B82B8CFFF00019EB04 /* SonucEkran.swift */,
				675BB0AC2B8CFE5B0019EB04 /* Assets.xcassets */,
				675BB0AE2B8CFE5B0019EB04 /* Preview Content */,
			);
			path = SayiTahminOyunu;
			sourceTree = "<group>";
		};
		675BB0AE2B8CFE5B0019EB04 /* Preview Content */ = {
			isa = PBXGroup;
			children = (
				675BB0AF2B8CFE5B0019EB04 /* Preview Assets.xcassets */,
			);
			path = "Preview Content";
			sourceTree = "<group>";
		};
/* End PBXGroup section */

/* Begin PBXNativeTarget section */
		675BB0A42B8CFE590019EB04 /* SayiTahminOyunu */ = {
			isa = PBXNativeTarget;
			buildConfigurationList = 675BB0B32B8CFE5B0019EB04 /* Build configuration list for PBXNativeTarget "SayiTahminOyunu" */;
			buildPhases = (
				675BB0A12B8CFE590019EB04 /* Sources */,
				675BB0A22B8CFE590019EB04 /* Frameworks */,
				675BB0A32B8CFE590019EB04 /* Resources */,
			);
			buildRules = (
			);
			dependencies = (
			);
			name = SayiTahminOyunu;
			productName = SayiTahminOyunu;
			productReference = 675BB0A52B8CFE590019EB04 /* SayiTahminOyunu.app */;
			productType = "com.apple.product-type.application";
		};
/* End PBXNativeTarget section */

/* Begin PBXProject section */
		675BB09D2B8CFE590019EB04 /* Project object */ = {
			isa = PBXProject;
			attributes = {
				BuildIndependentTargetsInParallel = 1;
				LastSwiftUpdateCheck = 1520;
				LastUpgradeCheck = 1520;
				TargetAttributes = {
					675BB0A42B8CFE590019EB04 = {
						CreatedOnToolsVersion = 15.2;
					};
				};
			};
			buildConfigurationList = 675BB0A02B8CFE590019EB04 /* Build configuration list for PBXProject "SayiTahminOyunu" */;
			compatibilityVersion = "Xcode 14.0";
			developmentRegion = en;
			hasScannedForEncodings = 0;
			knownRegions = (
				en,
				Base,
			);
			mainGroup = 675BB09C2B8CFE590019EB04;
			productRefGroup = 675BB0A62B8CFE590019EB04 /* Products */;
			projectDirPath = "";
			projectRoot = "";
			targets = (
				675BB0A42B8CFE590019EB04 /* SayiTahminOyunu */,
			);
		};
/* End PBXProject section */

/* Begin PBXResourcesBuildPhase section */
		675BB0A32B8CFE590019EB04 /* Resources */ = {
			isa = PBXResourcesBuildPhase;
			buildActionMask = 2147483647;
			files = (
				675BB0B02B8CFE5B0019EB04 /* Preview Assets.xcassets in Resources */,
				675BB0AD2B8CFE5B0019EB04 /* Assets.xcassets in Resources */,
			);
			runOnlyForDeploymentPostprocessing = 0;
		};
/* End PBXResourcesBuildPhase section */

/* Begin PBXSourcesBuildPhase section */
		675BB0A12B8CFE590019EB04 /* Sources */ = {
			isa = PBXSourcesBuildPhase;
			buildActionMask = 2147483647;
			files = (
				675BB0B72B8CFFEA0019EB04 /* TahminEkrani.swift in Sources */,
				675BB0AB2B8CFE590019EB04 /* AnaSayfa.swift in Sources */,
				675BB0B92B8CFFF00019EB04 /* SonucEkran.swift in Sources */,
				675BB0A92B8CFE590019EB04 /* SayiTahminOyunuApp.swift in Sources */,
			);
			runOnlyForDeploymentPostprocessing = 0;
		};
/* End PBXSourcesBuildPhase section */

/* Begin XCBuildConfiguration section */
		675BB0B12B8CFE5B0019EB04 /* Debug */ = {
			isa = XCBuildConfiguration;
			buildSettings = {
				ALWAYS_SEARCH_USER_PATHS = NO;
				ASSETCATALOG_COMPILER_GENERATE_SWIFT_ASSET_SYMBOL_EXTENSIONS = YES;
				CLANG_ANALYZER_NONNULL = YES;
				CLANG_ANALYZER_NUMBER_OBJECT_CONVERSION = YES_AGGRESSIVE;
				CLANG_CXX_LANGUAGE_STANDARD = "gnu++20";
				CLANG_ENABLE_MODULES = YES;
				CLANG_ENABLE_OBJC_ARC = YES;
				CLANG_ENABLE_OBJC_WEAK = YES;
				CLANG_WARN_BLOCK_CAPTURE_AUTORELEASING = YES;
				CLANG_WARN_BOOL_CONVERSION = YES;
				CLANG_WARN_COMMA = YES;
				CLANG_WARN_CONSTANT_CONVERSION = YES;
				CLANG_WARN_DEPRECATED_OBJC_IMPLEMENTATIONS = YES;
				CLANG_WARN_DIRECT_OBJC_ISA_USAGE = YES_ERROR;
				CLANG_WARN_DOCUMENTATION_COMMENTS = YES;
				CLANG_WARN_EMPTY_BODY = YES;
				CLANG_WARN_ENUM_CONVERSION = YES;
				CLANG_WARN_INFINITE_RECURSION = YES;
				CLANG_WARN_INT_CONVERSION = YES;
				CLANG_WARN_NON_LITERAL_NULL_CONVERSION = YES;
				CLANG_WARN_OBJC_IMPLICIT_RETAIN_SELF = YES;
				CLANG_WARN_OBJC_LITERAL_CONVERSION = YES;
				CLANG_WARN_OBJC_ROOT_CLASS = YES_ERROR;
				CLANG_WARN_QUOTED_INCLUDE_IN_FRAMEWORK_HEADER = YES;
				CLANG_WARN_RANGE_LOOP_ANALYSIS = YES;
				CLANG_WARN_STRICT_PROTOTYPES = YES;
				CLANG_WARN_SUSPICIOUS_MOVE = YES;
				CLANG_WARN_UNGUARDED_AVAILABILITY = YES_AGGRESSIVE;
				CLANG_WARN_UNREACHABLE_CODE = YES;
				CLANG_WARN__DUPLICATE_METHOD_MATCH = YES;
				COPY_PHASE_STRIP = NO;
				DEBUG_INFORMATION_FORMAT = dwarf;
				ENABLE_STRICT_OBJC_MSGSEND = YES;
				ENABLE_TESTABILITY = YES;
				ENABLE_USER_SCRIPT_SANDBOXING = YES;
				GCC_C_LANGUAGE_STANDARD = gnu17;
				GCC_DYNAMIC_NO_PIC = NO;
				GCC_NO_COMMON_BLOCKS = YES;
				GCC_OPTIMIZATION_LEVEL = 0;
				GCC_PREPROCESSOR_DEFINITIONS = (
					"DEBUG=1",
					"$(inherited)",
				);
				GCC_WARN_64_TO_32_BIT_CONVERSION = YES;
				GCC_WARN_ABOUT_RETURN_TYPE = YES_ERROR;
				GCC_WARN_UNDECLARED_SELECTOR = YES;
				GCC_WARN_UNINITIALIZED_AUTOS = YES_AGGRESSIVE;
				GCC_WARN_UNUSED_FUNCTION = YES;
				GCC_WARN_UNUSED_VARIABLE = YES;
				IPHONEOS_DEPLOYMENT_TARGET = 17.2;
				LOCALIZATION_PREFERS_STRING_CATALOGS = YES;
				MTL_ENABLE_DEBUG_INFO = INCLUDE_SOURCE;
				MTL_FAST_MATH = YES;
				ONLY_ACTIVE_ARCH = YES;
				SDKROOT = iphoneos;
				SWIFT_ACTIVE_COMPILATION_CONDITIONS = "DEBUG $(inherited)";
				SWIFT_OPTIMIZATION_LEVEL = "-Onone";
			};
			name = Debug;
		};
		675BB0B22B8CFE5B0019EB04 /* Release */ = {
			isa = XCBuildConfiguration;
			buildSettings = {
				ALWAYS_SEARCH_USER_PATHS = NO;
				ASSETCATALOG_COMPILER_GENERATE_SWIFT_ASSET_SYMBOL_EXTENSIONS = YES;
				CLANG_ANALYZER_NONNULL = YES;
				CLANG_ANALYZER_NUMBER_OBJECT_CONVERSION = YES_AGGRESSIVE;
				CLANG_CXX_LANGUAGE_STANDARD = "gnu++20";
				CLANG_ENABLE_MODULES = YES;
				CLANG_ENABLE_OBJC_ARC = YES;
				CLANG_ENABLE_OBJC_WEAK = YES;
				CLANG_WARN_BLOCK_CAPTURE_AUTORELEASING = YES;
				CLANG_WARN_BOOL_CONVERSION = YES;
				CLANG_WARN_COMMA = YES;
				CLANG_WARN_CONSTANT_CONVERSION = YES;
				CLANG_WARN_DEPRECATED_OBJC_IMPLEMENTATIONS = YES;
				CLANG_WARN_DIRECT_OBJC_ISA_USAGE = YES_ERROR;
				CLANG_WARN_DOCUMENTATION_COMMENTS = YES;
				CLANG_WARN_EMPTY_BODY = YES;
				CLANG_WARN_ENUM_CONVERSION = YES;
				CLANG_WARN_INFINITE_RECURSION = YES;
				CLANG_WARN_INT_CONVERSION = YES;
				CLANG_WARN_NON_LITERAL_NULL_CONVERSION = YES;
				CLANG_WARN_OBJC_IMPLICIT_RETAIN_SELF = YES;
				CLANG_WARN_OBJC_LITERAL_CONVERSION = YES;
				CLANG_WARN_OBJC_ROOT_CLASS = YES_ERROR;
				CLANG_WARN_QUOTED_INCLUDE_IN_FRAMEWORK_HEADER = YES;
				CLANG_WARN_RANGE_LOOP_ANALYSIS = YES;
				CLANG_WARN_STRICT_PROTOTYPES = YES;
				CLANG_WARN_SUSPICIOUS_MOVE = YES;
				CLANG_WARN_UNGUARDED_AVAILABILITY = YES_AGGRESSIVE;
				CLANG_WARN_UNREACHABLE_CODE = YES;
				CLANG_WARN__DUPLICATE_METHOD_MATCH = YES;
				COPY_PHASE_STRIP = NO;
				DEBUG_INFORMATION_FORMAT = "dwarf-with-dsym";
				ENABLE_NS_ASSERTIONS = NO;
				ENABLE_STRICT_OBJC_MSGSEND = YES;
				ENABLE_USER_SCRIPT_SANDBOXING = YES;
				GCC_C_LANGUAGE_STANDARD = gnu17;
				GCC_NO_COMMON_BLOCKS = YES;
				GCC_WARN_64_TO_32_BIT_CONVERSION = YES;
				GCC_WARN_ABOUT_RETURN_TYPE = YES_ERROR;
				GCC_WARN_UNDECLARED_SELECTOR = YES;
				GCC_WARN_UNINITIALIZED_AUTOS = YES_AGGRESSIVE;
				GCC_WARN_UNUSED_FUNCTION = YES;
				GCC_WARN_UNUSED_VARIABLE = YES;
				IPHONEOS_DEPLOYMENT_TARGET = 17.2;
				LOCALIZATION_PREFERS_STRING_CATALOGS = YES;
				MTL_ENABLE_DEBUG_INFO = NO;
				MTL_FAST_MATH = YES;
				SDKROOT = iphoneos;
				SWIFT_COMPILATION_MODE = wholemodule;
				VALIDATE_PRODUCT = YES;
			};
			name = Release;
		};
		675BB0B42B8CFE5B0019EB04 /* Debug */ = {
			isa = XCBuildConfiguration;
			buildSettings = {
				ASSETCATALOG_COMPILER_APPICON_NAME = AppIcon;
				ASSETCATALOG_COMPILER_GLOBAL_ACCENT_COLOR_NAME = AccentColor;
				CODE_SIGN_STYLE = Automatic;
				CURRENT_PROJECT_VERSION = 1;
				DEVELOPMENT_ASSET_PATHS = "\"SayiTahminOyunu/Preview Content\"";
				DEVELOPMENT_TEAM = MY2A75TB4A;
				ENABLE_PREVIEWS = YES;
				GENERATE_INFOPLIST_FILE = YES;
				INFOPLIST_KEY_CFBundleDisplayName = "Tahmin Et";
				INFOPLIST_KEY_UIApplicationSceneManifest_Generation = YES;
				INFOPLIST_KEY_UIApplicationSupportsIndirectInputEvents = YES;
				INFOPLIST_KEY_UILaunchScreen_Generation = YES;
				INFOPLIST_KEY_UISupportedInterfaceOrientations_iPad = "UIInterfaceOrientationPortrait UIInterfaceOrientationPortraitUpsideDown UIInterfaceOrientationLandscapeLeft UIInterfaceOrientationLandscapeRight";
				INFOPLIST_KEY_UISupportedInterfaceOrientations_iPhone = "UIInterfaceOrientationPortrait UIInterfaceOrientationLandscapeLeft UIInterfaceOrientationLandscapeRight";
				LD_RUNPATH_SEARCH_PATHS = (
					"$(inherited)",
					"@executable_path/Frameworks",
				);
				MARKETING_VERSION = 1.0;
				PRODUCT_BUNDLE_IDENTIFIER = com.asdirector.SayiTahminOyunu;
				PRODUCT_NAME = "$(TARGET_NAME)";
				SWIFT_EMIT_LOC_STRINGS = YES;
				SWIFT_VERSION = 5.0;
				TARGETED_DEVICE_FAMILY = "1,2";
			};
			name = Debug;
		};
		675BB0B52B8CFE5B0019EB04 /* Release */ = {
			isa = XCBuildConfiguration;
			buildSettings = {
				ASSETCATALOG_COMPILER_APPICON_NAME = AppIcon;
				ASSETCATALOG_COMPILER_GLOBAL_ACCENT_COLOR_NAME = AccentColor;
				CODE_SIGN_STYLE = Automatic;
				CURRENT_PROJECT_VERSION = 1;
				DEVELOPMENT_ASSET_PATHS = "\"SayiTahminOyunu/Preview Content\"";
				DEVELOPMENT_TEAM = MY2A75TB4A;
				ENABLE_PREVIEWS = YES;
				GENERATE_INFOPLIST_FILE = YES;
				INFOPLIST_KEY_CFBundleDisplayName = "Tahmin Et";
				INFOPLIST_KEY_UIApplicationSceneManifest_Generation = YES;
				INFOPLIST_KEY_UIApplicationSupportsIndirectInputEvents = YES;
				INFOPLIST_KEY_UILaunchScreen_Generation = YES;
				INFOPLIST_KEY_UISupportedInterfaceOrientations_iPad = "UIInterfaceOrientationPortrait UIInterfaceOrientationPortraitUpsideDown UIInterfaceOrientationLandscapeLeft UIInterfaceOrientationLandscapeRight";
				INFOPLIST_KEY_UISupportedInterfaceOrientations_iPhone = "UIInterfaceOrientationPortrait UIInterfaceOrientationLandscapeLeft UIInterfaceOrientationLandscapeRight";
				LD_RUNPATH_SEARCH_PATHS = (
					"$(inherited)",
					"@executable_path/Frameworks",
				);
				MARKETING_VERSION = 1.0;
				PRODUCT_BUNDLE_IDENTIFIER = com.asdirector.SayiTahminOyunu;
				PRODUCT_NAME = "$(TARGET_NAME)";
				SWIFT_EMIT_LOC_STRINGS = YES;
				SWIFT_VERSION = 5.0;
				TARGETED_DEVICE_FAMILY = "1,2";
			};
			name = Release;
		};
/* End XCBuildConfiguration section */

/* Begin XCConfigurationList section */
		675BB0A02B8CFE590019EB04 /* Build configuration list for PBXProject "SayiTahminOyunu" */ = {
			isa = XCConfigurationList;
			buildConfigurations = (
				675BB0B12B8CFE5B0019EB04 /* Debug */,
				675BB0B22B8CFE5B0019EB04 /* Release */,
			);
			defaultConfigurationIsVisible = 0;
			defaultConfigurationName = Release;
		};
		675BB0B32B8CFE5B0019EB04 /* Build configuration list for PBXNativeTarget "SayiTahminOyunu" */ = {
			isa = XCConfigurationList;
			buildConfigurations = (
				675BB0B42B8CFE5B0019EB04 /* Debug */,
				675BB0B52B8CFE5B0019EB04 /* Release */,
			);
			defaultConfigurationIsVisible = 0;
			defaultConfigurationName = Release;
		};
/* End XCConfigurationList section */
	};
	rootObject = 675BB09D2B8CFE590019EB04 /* Project object */;
}
